// !$*UTF8*$!
{
	archiveVersion = 1;
	classes = {
	};
	objectVersion = 56;
	objects = {

/* Begin PBXBuildFile section */
		1B1516ED679F0D5BE15C1862 /* Pods_InstagramClone.framework in Frameworks */ = {isa = PBXBuildFile; fileRef = DB1ED02A0810B719EC623B86 /* Pods_InstagramClone.framework */; };
		B42F8B2229056EBD00C5FA6E /* AuthentificationViewModel.swift in Sources */ = {isa = PBXBuildFile; fileRef = B42F8B2129056EBD00C5FA6E /* AuthentificationViewModel.swift */; };
		B42F8B2429057DEC00C5FA6E /* GoogleService-Info.plist in Resources */ = {isa = PBXBuildFile; fileRef = B42F8B2329057DEC00C5FA6E /* GoogleService-Info.plist */; };
		B457903C2902DECB00C2C080 /* AppDelegate.swift in Sources */ = {isa = PBXBuildFile; fileRef = B457903B2902DECB00C2C080 /* AppDelegate.swift */; };
		B457903E2902DECB00C2C080 /* SceneDelegate.swift in Sources */ = {isa = PBXBuildFile; fileRef = B457903D2902DECB00C2C080 /* SceneDelegate.swift */; };
		B45790402902DECB00C2C080 /* ViewController.swift in Sources */ = {isa = PBXBuildFile; fileRef = B457903F2902DECB00C2C080 /* ViewController.swift */; };
		B45790432902DECB00C2C080 /* Main.storyboard in Resources */ = {isa = PBXBuildFile; fileRef = B45790412902DECB00C2C080 /* Main.storyboard */; };
		B45790452902DECC00C2C080 /* Assets.xcassets in Resources */ = {isa = PBXBuildFile; fileRef = B45790442902DECC00C2C080 /* Assets.xcassets */; };
		B45790482902DECC00C2C080 /* LaunchScreen.storyboard in Resources */ = {isa = PBXBuildFile; fileRef = B45790462902DECC00C2C080 /* LaunchScreen.storyboard */; };
		B45790582902E08900C2C080 /* MainTabController.swift in Sources */ = {isa = PBXBuildFile; fileRef = B45790572902E08900C2C080 /* MainTabController.swift */; };
		B457905A2902E1B300C2C080 /* FeedController.swift in Sources */ = {isa = PBXBuildFile; fileRef = B45790592902E1B300C2C080 /* FeedController.swift */; };
		B457905C2902E1BB00C2C080 /* SearchController.swift in Sources */ = {isa = PBXBuildFile; fileRef = B457905B2902E1BB00C2C080 /* SearchController.swift */; };
		B457905E2902E1C400C2C080 /* ImageSelectorController.swift in Sources */ = {isa = PBXBuildFile; fileRef = B457905D2902E1C400C2C080 /* ImageSelectorController.swift */; };
		B45790602902E1CD00C2C080 /* NotificationController.swift in Sources */ = {isa = PBXBuildFile; fileRef = B457905F2902E1CD00C2C080 /* NotificationController.swift */; };
		B45790622902E1D300C2C080 /* ProfileController.swift in Sources */ = {isa = PBXBuildFile; fileRef = B45790612902E1D300C2C080 /* ProfileController.swift */; };
		B45790642905356F00C2C080 /* FeedCell.swift in Sources */ = {isa = PBXBuildFile; fileRef = B45790632905356F00C2C080 /* FeedCell.swift */; };
		B45790662905364800C2C080 /* Extensions.swift in Sources */ = {isa = PBXBuildFile; fileRef = B45790652905364800C2C080 /* Extensions.swift */; };
		B45790692905598700C2C080 /* LoginController.swift in Sources */ = {isa = PBXBuildFile; fileRef = B45790682905598700C2C080 /* LoginController.swift */; };
		B457906B2905598F00C2C080 /* RegistrationController.swift in Sources */ = {isa = PBXBuildFile; fileRef = B457906A2905598F00C2C080 /* RegistrationController.swift */; };
		B457906D2905631400C2C080 /* CustomTextField.swift in Sources */ = {isa = PBXBuildFile; fileRef = B457906C2905631400C2C080 /* CustomTextField.swift */; };
		B47A0162290583020003295C /* ImageUploader.swift in Sources */ = {isa = PBXBuildFile; fileRef = B47A0161290583020003295C /* ImageUploader.swift */; };
		B47A0164290583210003295C /* AuthService.swift in Sources */ = {isa = PBXBuildFile; fileRef = B47A0163290583210003295C /* AuthService.swift */; };
/* End PBXBuildFile section */

/* Begin PBXFileReference section */
		01BC22602C007A324A6B8921 /* Pods-InstagramClone.debug.xcconfig */ = {isa = PBXFileReference; includeInIndex = 1; lastKnownFileType = text.xcconfig; name = "Pods-InstagramClone.debug.xcconfig"; path = "Target Support Files/Pods-InstagramClone/Pods-InstagramClone.debug.xcconfig"; sourceTree = "<group>"; };
		36B0927C80559D97D1F854DE /* Pods-InstagramClone.release.xcconfig */ = {isa = PBXFileReference; includeInIndex = 1; lastKnownFileType = text.xcconfig; name = "Pods-InstagramClone.release.xcconfig"; path = "Target Support Files/Pods-InstagramClone/Pods-InstagramClone.release.xcconfig"; sourceTree = "<group>"; };
		B42F8B2129056EBD00C5FA6E /* AuthentificationViewModel.swift */ = {isa = PBXFileReference; lastKnownFileType = sourcecode.swift; path = AuthentificationViewModel.swift; sourceTree = "<group>"; };
		B42F8B2329057DEC00C5FA6E /* GoogleService-Info.plist */ = {isa = PBXFileReference; fileEncoding = 4; lastKnownFileType = text.plist.xml; path = "GoogleService-Info.plist"; sourceTree = "<group>"; };
		B45790382902DECB00C2C080 /* InstagramClone.app */ = {isa = PBXFileReference; explicitFileType = wrapper.application; includeInIndex = 0; path = InstagramClone.app; sourceTree = BUILT_PRODUCTS_DIR; };
		B457903B2902DECB00C2C080 /* AppDelegate.swift */ = {isa = PBXFileReference; lastKnownFileType = sourcecode.swift; path = AppDelegate.swift; sourceTree = "<group>"; };
		B457903D2902DECB00C2C080 /* SceneDelegate.swift */ = {isa = PBXFileReference; lastKnownFileType = sourcecode.swift; path = SceneDelegate.swift; sourceTree = "<group>"; };
		B457903F2902DECB00C2C080 /* ViewController.swift */ = {isa = PBXFileReference; lastKnownFileType = sourcecode.swift; path = ViewController.swift; sourceTree = "<group>"; };
		B45790422902DECB00C2C080 /* Base */ = {isa = PBXFileReference; lastKnownFileType = file.storyboard; name = Base; path = Base.lproj/Main.storyboard; sourceTree = "<group>"; };
		B45790442902DECC00C2C080 /* Assets.xcassets */ = {isa = PBXFileReference; lastKnownFileType = folder.assetcatalog; path = Assets.xcassets; sourceTree = "<group>"; };
		B45790472902DECC00C2C080 /* Base */ = {isa = PBXFileReference; lastKnownFileType = file.storyboard; name = Base; path = Base.lproj/LaunchScreen.storyboard; sourceTree = "<group>"; };
		B45790492902DECC00C2C080 /* Info.plist */ = {isa = PBXFileReference; lastKnownFileType = text.plist.xml; path = Info.plist; sourceTree = "<group>"; };
		B45790572902E08900C2C080 /* MainTabController.swift */ = {isa = PBXFileReference; lastKnownFileType = sourcecode.swift; path = MainTabController.swift; sourceTree = "<group>"; };
		B45790592902E1B300C2C080 /* FeedController.swift */ = {isa = PBXFileReference; lastKnownFileType = sourcecode.swift; path = FeedController.swift; sourceTree = "<group>"; };
		B457905B2902E1BB00C2C080 /* SearchController.swift */ = {isa = PBXFileReference; lastKnownFileType = sourcecode.swift; path = SearchController.swift; sourceTree = "<group>"; };
		B457905D2902E1C400C2C080 /* ImageSelectorController.swift */ = {isa = PBXFileReference; lastKnownFileType = sourcecode.swift; path = ImageSelectorController.swift; sourceTree = "<group>"; };
		B457905F2902E1CD00C2C080 /* NotificationController.swift */ = {isa = PBXFileReference; lastKnownFileType = sourcecode.swift; path = NotificationController.swift; sourceTree = "<group>"; };
		B45790612902E1D300C2C080 /* ProfileController.swift */ = {isa = PBXFileReference; lastKnownFileType = sourcecode.swift; path = ProfileController.swift; sourceTree = "<group>"; };
		B45790632905356F00C2C080 /* FeedCell.swift */ = {isa = PBXFileReference; lastKnownFileType = sourcecode.swift; path = FeedCell.swift; sourceTree = "<group>"; };
		B45790652905364800C2C080 /* Extensions.swift */ = {isa = PBXFileReference; lastKnownFileType = sourcecode.swift; path = Extensions.swift; sourceTree = "<group>"; };
		B45790682905598700C2C080 /* LoginController.swift */ = {isa = PBXFileReference; lastKnownFileType = sourcecode.swift; path = LoginController.swift; sourceTree = "<group>"; };
		B457906A2905598F00C2C080 /* RegistrationController.swift */ = {isa = PBXFileReference; lastKnownFileType = sourcecode.swift; path = RegistrationController.swift; sourceTree = "<group>"; };
		B457906C2905631400C2C080 /* CustomTextField.swift */ = {isa = PBXFileReference; lastKnownFileType = sourcecode.swift; path = CustomTextField.swift; sourceTree = "<group>"; };
		B47A0161290583020003295C /* ImageUploader.swift */ = {isa = PBXFileReference; lastKnownFileType = sourcecode.swift; path = ImageUploader.swift; sourceTree = "<group>"; };
		B47A0163290583210003295C /* AuthService.swift */ = {isa = PBXFileReference; lastKnownFileType = sourcecode.swift; path = AuthService.swift; sourceTree = "<group>"; };
		DB1ED02A0810B719EC623B86 /* Pods_InstagramClone.framework */ = {isa = PBXFileReference; explicitFileType = wrapper.framework; includeInIndex = 0; path = Pods_InstagramClone.framework; sourceTree = BUILT_PRODUCTS_DIR; };
/* End PBXFileReference section */

/* Begin PBXFrameworksBuildPhase section */
		B45790352902DECB00C2C080 /* Frameworks */ = {
			isa = PBXFrameworksBuildPhase;
			buildActionMask = 2147483647;
			files = (
				1B1516ED679F0D5BE15C1862 /* Pods_InstagramClone.framework in Frameworks */,
			);
			runOnlyForDeploymentPostprocessing = 0;
		};
/* End PBXFrameworksBuildPhase section */

/* Begin PBXGroup section */
		40B4B15AB92C6675E6E78520 /* Pods */ = {
			isa = PBXGroup;
			children = (
				01BC22602C007A324A6B8921 /* Pods-InstagramClone.debug.xcconfig */,
				36B0927C80559D97D1F854DE /* Pods-InstagramClone.release.xcconfig */,
			);
			path = Pods;
			sourceTree = "<group>";
		};
		98BB9D448A939F7007EFEDE8 /* Frameworks */ = {
			isa = PBXGroup;
			children = (
				DB1ED02A0810B719EC623B86 /* Pods_InstagramClone.framework */,
			);
			name = Frameworks;
			sourceTree = "<group>";
		};
		B457902F2902DECB00C2C080 = {
			isa = PBXGroup;
			children = (
				B457903A2902DECB00C2C080 /* InstagramClone */,
				B45790392902DECB00C2C080 /* Products */,
				40B4B15AB92C6675E6E78520 /* Pods */,
				98BB9D448A939F7007EFEDE8 /* Frameworks */,
			);
			sourceTree = "<group>";
		};
		B45790392902DECB00C2C080 /* Products */ = {
			isa = PBXGroup;
			children = (
				B45790382902DECB00C2C080 /* InstagramClone.app */,
			);
			name = Products;
			sourceTree = "<group>";
		};
		B457903A2902DECB00C2C080 /* InstagramClone */ = {
			isa = PBXGroup;
			children = (
				B457903B2902DECB00C2C080 /* AppDelegate.swift */,
				B457903D2902DECB00C2C080 /* SceneDelegate.swift */,
				B45790562902DF4400C2C080 /* Model */,
				B45790552902DF4300C2C080 /* View */,
				B45790542902DF4100C2C080 /* ViewModel */,
				B45790532902DF4000C2C080 /* Controller */,
				B45790502902DF3800C2C080 /* API */,
				B457904F2902DEF300C2C080 /* Utils */,
				B457903F2902DECB00C2C080 /* ViewController.swift */,
				B45790412902DECB00C2C080 /* Main.storyboard */,
				B45790442902DECC00C2C080 /* Assets.xcassets */,
				B45790462902DECC00C2C080 /* LaunchScreen.storyboard */,
				B45790492902DECC00C2C080 /* Info.plist */,
				B42F8B2329057DEC00C5FA6E /* GoogleService-Info.plist */,
			);
			path = InstagramClone;
			sourceTree = "<group>";
		};
		B457904F2902DEF300C2C080 /* Utils */ = {
			isa = PBXGroup;
			children = (
				B45790652905364800C2C080 /* Extensions.swift */,
			);
			path = Utils;
			sourceTree = "<group>";
		};
		B45790502902DF3800C2C080 /* API */ = {
			isa = PBXGroup;
			children = (
				B47A0161290583020003295C /* ImageUploader.swift */,
				B47A0163290583210003295C /* AuthService.swift */,
			);
			path = API;
			sourceTree = "<group>";
		};
		B45790532902DF4000C2C080 /* Controller */ = {
			isa = PBXGroup;
			children = (
				B45790672905597600C2C080 /* Authentification */,
				B45790572902E08900C2C080 /* MainTabController.swift */,
				B45790592902E1B300C2C080 /* FeedController.swift */,
				B457905B2902E1BB00C2C080 /* SearchController.swift */,
				B457905D2902E1C400C2C080 /* ImageSelectorController.swift */,
				B457905F2902E1CD00C2C080 /* NotificationController.swift */,
				B45790612902E1D300C2C080 /* ProfileController.swift */,
			);
			path = Controller;
			sourceTree = "<group>";
		};
		B45790542902DF4100C2C080 /* ViewModel */ = {
			isa = PBXGroup;
			children = (
				B42F8B2129056EBD00C5FA6E /* AuthentificationViewModel.swift */,
			);
			path = ViewModel;
			sourceTree = "<group>";
		};
		B45790552902DF4300C2C080 /* View */ = {
			isa = PBXGroup;
			children = (
				B45790632905356F00C2C080 /* FeedCell.swift */,
				B457906C2905631400C2C080 /* CustomTextField.swift */,
			);
			path = View;
			sourceTree = "<group>";
		};
		B45790562902DF4400C2C080 /* Model */ = {
			isa = PBXGroup;
			children = (
			);
			path = Model;
			sourceTree = "<group>";
		};
		B45790672905597600C2C080 /* Authentification */ = {
			isa = PBXGroup;
			children = (
				B45790682905598700C2C080 /* LoginController.swift */,
				B457906A2905598F00C2C080 /* RegistrationController.swift */,
			);
			path = Authentification;
			sourceTree = "<group>";
		};
/* End PBXGroup section */

/* Begin PBXNativeTarget section */
		B45790372902DECB00C2C080 /* InstagramClone */ = {
			isa = PBXNativeTarget;
			buildConfigurationList = B457904C2902DECC00C2C080 /* Build configuration list for PBXNativeTarget "InstagramClone" */;
			buildPhases = (
				59BC451C9CBA2B68967003DB /* [CP] Check Pods Manifest.lock */,
				B45790342902DECB00C2C080 /* Sources */,
				B45790352902DECB00C2C080 /* Frameworks */,
				B45790362902DECB00C2C080 /* Resources */,
				3360F44E260F2D33C9995BAD /* [CP] Embed Pods Frameworks */,
			);
			buildRules = (
			);
			dependencies = (
			);
			name = InstagramClone;
			productName = InstagramClone;
			productReference = B45790382902DECB00C2C080 /* InstagramClone.app */;
			productType = "com.apple.product-type.application";
		};
/* End PBXNativeTarget section */

/* Begin PBXProject section */
		B45790302902DECB00C2C080 /* Project object */ = {
			isa = PBXProject;
			attributes = {
				BuildIndependentTargetsInParallel = 1;
				LastSwiftUpdateCheck = 1400;
				LastUpgradeCheck = 1400;
				TargetAttributes = {
					B45790372902DECB00C2C080 = {
						CreatedOnToolsVersion = 14.0.1;
					};
				};
			};
			buildConfigurationList = B45790332902DECB00C2C080 /* Build configuration list for PBXProject "InstagramClone" */;
			compatibilityVersion = "Xcode 14.0";
			developmentRegion = en;
			hasScannedForEncodings = 0;
			knownRegions = (
				en,
				Base,
			);
			mainGroup = B457902F2902DECB00C2C080;
			productRefGroup = B45790392902DECB00C2C080 /* Products */;
			projectDirPath = "";
			projectRoot = "";
			targets = (
				B45790372902DECB00C2C080 /* InstagramClone */,
			);
		};
/* End PBXProject section */

/* Begin PBXResourcesBuildPhase section */
		B45790362902DECB00C2C080 /* Resources */ = {
			isa = PBXResourcesBuildPhase;
			buildActionMask = 2147483647;
			files = (
				B45790482902DECC00C2C080 /* LaunchScreen.storyboard in Resources */,
				B42F8B2429057DEC00C5FA6E /* GoogleService-Info.plist in Resources */,
				B45790452902DECC00C2C080 /* Assets.xcassets in Resources */,
				B45790432902DECB00C2C080 /* Main.storyboard in Resources */,
			);
			runOnlyForDeploymentPostprocessing = 0;
		};
/* End PBXResourcesBuildPhase section */

/* Begin PBXShellScriptBuildPhase section */
		3360F44E260F2D33C9995BAD /* [CP] Embed Pods Frameworks */ = {
			isa = PBXShellScriptBuildPhase;
			buildActionMask = 2147483647;
			files = (
			);
			inputFileListPaths = (
				"${PODS_ROOT}/Target Support Files/Pods-InstagramClone/Pods-InstagramClone-frameworks-${CONFIGURATION}-input-files.xcfilelist",
			);
			name = "[CP] Embed Pods Frameworks";
			outputFileListPaths = (
				"${PODS_ROOT}/Target Support Files/Pods-InstagramClone/Pods-InstagramClone-frameworks-${CONFIGURATION}-output-files.xcfilelist",
			);
			runOnlyForDeploymentPostprocessing = 0;
			shellPath = /bin/sh;
			shellScript = "\"${PODS_ROOT}/Target Support Files/Pods-InstagramClone/Pods-InstagramClone-frameworks.sh\"\n";
			showEnvVarsInLog = 0;
		};
		59BC451C9CBA2B68967003DB /* [CP] Check Pods Manifest.lock */ = {
			isa = PBXShellScriptBuildPhase;
			buildActionMask = 2147483647;
			files = (
			);
			inputFileListPaths = (
			);
			inputPaths = (
				"${PODS_PODFILE_DIR_PATH}/Podfile.lock",
				"${PODS_ROOT}/Manifest.lock",
			);
			name = "[CP] Check Pods Manifest.lock";
			outputFileListPaths = (
			);
			outputPaths = (
				"$(DERIVED_FILE_DIR)/Pods-InstagramClone-checkManifestLockResult.txt",
			);
			runOnlyForDeploymentPostprocessing = 0;
			shellPath = /bin/sh;
			shellScript = "diff \"${PODS_PODFILE_DIR_PATH}/Podfile.lock\" \"${PODS_ROOT}/Manifest.lock\" > /dev/null\nif [ $? != 0 ] ; then\n    # print error to STDERR\n    echo \"error: The sandbox is not in sync with the Podfile.lock. Run 'pod install' or update your CocoaPods installation.\" >&2\n    exit 1\nfi\n# This output is used by Xcode 'outputs' to avoid re-running this script phase.\necho \"SUCCESS\" > \"${SCRIPT_OUTPUT_FILE_0}\"\n";
			showEnvVarsInLog = 0;
		};
/* End PBXShellScriptBuildPhase section */

/* Begin PBXSourcesBuildPhase section */
		B45790342902DECB00C2C080 /* Sources */ = {
			isa = PBXSourcesBuildPhase;
			buildActionMask = 2147483647;
			files = (
				B457906D2905631400C2C080 /* CustomTextField.swift in Sources */,
				B45790402902DECB00C2C080 /* ViewController.swift in Sources */,
				B45790692905598700C2C080 /* LoginController.swift in Sources */,
				B45790642905356F00C2C080 /* FeedCell.swift in Sources */,
				B457905E2902E1C400C2C080 /* ImageSelectorController.swift in Sources */,
				B45790602902E1CD00C2C080 /* NotificationController.swift in Sources */,
				B457905C2902E1BB00C2C080 /* SearchController.swift in Sources */,
				B457903C2902DECB00C2C080 /* AppDelegate.swift in Sources */,
				B45790622902E1D300C2C080 /* ProfileController.swift in Sources */,
				B457905A2902E1B300C2C080 /* FeedController.swift in Sources */,
				B45790582902E08900C2C080 /* MainTabController.swift in Sources */,
				B45790662905364800C2C080 /* Extensions.swift in Sources */,
				B457903E2902DECB00C2C080 /* SceneDelegate.swift in Sources */,
				B47A0162290583020003295C /* ImageUploader.swift in Sources */,
				B47A0164290583210003295C /* AuthService.swift in Sources */,
				B42F8B2229056EBD00C5FA6E /* AuthentificationViewModel.swift in Sources */,
				B457906B2905598F00C2C080 /* RegistrationController.swift in Sources */,
			);
			runOnlyForDeploymentPostprocessing = 0;
		};
/* End PBXSourcesBuildPhase section */

/* Begin PBXVariantGroup section */
		B45790412902DECB00C2C080 /* Main.storyboard */ = {
			isa = PBXVariantGroup;
			children = (
				B45790422902DECB00C2C080 /* Base */,
			);
			name = Main.storyboard;
			sourceTree = "<group>";
		};
		B45790462902DECC00C2C080 /* LaunchScreen.storyboard */ = {
			isa = PBXVariantGroup;
			children = (
				B45790472902DECC00C2C080 /* Base */,
			);
			name = LaunchScreen.storyboard;
			sourceTree = "<group>";
		};
/* End PBXVariantGroup section */

/* Begin XCBuildConfiguration section */
		B457904A2902DECC00C2C080 /* Debug */ = {
			isa = XCBuildConfiguration;
			buildSettings = {
				ALWAYS_SEARCH_USER_PATHS = NO;
				CLANG_ANALYZER_NONNULL = YES;
				CLANG_ANALYZER_NUMBER_OBJECT_CONVERSION = YES_AGGRESSIVE;
				CLANG_CXX_LANGUAGE_STANDARD = "gnu++20";
				CLANG_ENABLE_MODULES = YES;
				CLANG_ENABLE_OBJC_ARC = YES;
				CLANG_ENABLE_OBJC_WEAK = YES;
				CLANG_WARN_BLOCK_CAPTURE_AUTORELEASING = YES;
				CLANG_WARN_BOOL_CONVERSION = YES;
				CLANG_WARN_COMMA = YES;
				CLANG_WARN_CONSTANT_CONVERSION = YES;
				CLANG_WARN_DEPRECATED_OBJC_IMPLEMENTATIONS = YES;
				CLANG_WARN_DIRECT_OBJC_ISA_USAGE = YES_ERROR;
				CLANG_WARN_DOCUMENTATION_COMMENTS = YES;
				CLANG_WARN_EMPTY_BODY = YES;
				CLANG_WARN_ENUM_CONVERSION = YES;
				CLANG_WARN_INFINITE_RECURSION = YES;
				CLANG_WARN_INT_CONVERSION = YES;
				CLANG_WARN_NON_LITERAL_NULL_CONVERSION = YES;
				CLANG_WARN_OBJC_IMPLICIT_RETAIN_SELF = YES;
				CLANG_WARN_OBJC_LITERAL_CONVERSION = YES;
				CLANG_WARN_OBJC_ROOT_CLASS = YES_ERROR;
				CLANG_WARN_QUOTED_INCLUDE_IN_FRAMEWORK_HEADER = YES;
				CLANG_WARN_RANGE_LOOP_ANALYSIS = YES;
				CLANG_WARN_STRICT_PROTOTYPES = YES;
				CLANG_WARN_SUSPICIOUS_MOVE = YES;
				CLANG_WARN_UNGUARDED_AVAILABILITY = YES_AGGRESSIVE;
				CLANG_WARN_UNREACHABLE_CODE = YES;
				CLANG_WARN__DUPLICATE_METHOD_MATCH = YES;
				COPY_PHASE_STRIP = NO;
				DEBUG_INFORMATION_FORMAT = dwarf;
				ENABLE_STRICT_OBJC_MSGSEND = YES;
				ENABLE_TESTABILITY = YES;
				GCC_C_LANGUAGE_STANDARD = gnu11;
				GCC_DYNAMIC_NO_PIC = NO;
				GCC_NO_COMMON_BLOCKS = YES;
				GCC_OPTIMIZATION_LEVEL = 0;
				GCC_PREPROCESSOR_DEFINITIONS = (
					"DEBUG=1",
					"$(inherited)",
				);
				GCC_WARN_64_TO_32_BIT_CONVERSION = YES;
				GCC_WARN_ABOUT_RETURN_TYPE = YES_ERROR;
				GCC_WARN_UNDECLARED_SELECTOR = YES;
				GCC_WARN_UNINITIALIZED_AUTOS = YES_AGGRESSIVE;
				GCC_WARN_UNUSED_FUNCTION = YES;
				GCC_WARN_UNUSED_VARIABLE = YES;
				IPHONEOS_DEPLOYMENT_TARGET = 16.0;
				MTL_ENABLE_DEBUG_INFO = INCLUDE_SOURCE;
				MTL_FAST_MATH = YES;
				ONLY_ACTIVE_ARCH = YES;
				SDKROOT = iphoneos;
				SWIFT_ACTIVE_COMPILATION_CONDITIONS = DEBUG;
				SWIFT_OPTIMIZATION_LEVEL = "-Onone";
			};
			name = Debug;
		};
		B457904B2902DECC00C2C080 /* Release */ = {
			isa = XCBuildConfiguration;
			buildSettings = {
				ALWAYS_SEARCH_USER_PATHS = NO;
				CLANG_ANALYZER_NONNULL = YES;
				CLANG_ANALYZER_NUMBER_OBJECT_CONVERSION = YES_AGGRESSIVE;
				CLANG_CXX_LANGUAGE_STANDARD = "gnu++20";
				CLANG_ENABLE_MODULES = YES;
				CLANG_ENABLE_OBJC_ARC = YES;
				CLANG_ENABLE_OBJC_WEAK = YES;
				CLANG_WARN_BLOCK_CAPTURE_AUTORELEASING = YES;
				CLANG_WARN_BOOL_CONVERSION = YES;
				CLANG_WARN_COMMA = YES;
				CLANG_WARN_CONSTANT_CONVERSION = YES;
				CLANG_WARN_DEPRECATED_OBJC_IMPLEMENTATIONS = YES;
				CLANG_WARN_DIRECT_OBJC_ISA_USAGE = YES_ERROR;
				CLANG_WARN_DOCUMENTATION_COMMENTS = YES;
				CLANG_WARN_EMPTY_BODY = YES;
				CLANG_WARN_ENUM_CONVERSION = YES;
				CLANG_WARN_INFINITE_RECURSION = YES;
				CLANG_WARN_INT_CONVERSION = YES;
				CLANG_WARN_NON_LITERAL_NULL_CONVERSION = YES;
				CLANG_WARN_OBJC_IMPLICIT_RETAIN_SELF = YES;
				CLANG_WARN_OBJC_LITERAL_CONVERSION = YES;
				CLANG_WARN_OBJC_ROOT_CLASS = YES_ERROR;
				CLANG_WARN_QUOTED_INCLUDE_IN_FRAMEWORK_HEADER = YES;
				CLANG_WARN_RANGE_LOOP_ANALYSIS = YES;
				CLANG_WARN_STRICT_PROTOTYPES = YES;
				CLANG_WARN_SUSPICIOUS_MOVE = YES;
				CLANG_WARN_UNGUARDED_AVAILABILITY = YES_AGGRESSIVE;
				CLANG_WARN_UNREACHABLE_CODE = YES;
				CLANG_WARN__DUPLICATE_METHOD_MATCH = YES;
				COPY_PHASE_STRIP = NO;
				DEBUG_INFORMATION_FORMAT = "dwarf-with-dsym";
				ENABLE_NS_ASSERTIONS = NO;
				ENABLE_STRICT_OBJC_MSGSEND = YES;
				GCC_C_LANGUAGE_STANDARD = gnu11;
				GCC_NO_COMMON_BLOCKS = YES;
				GCC_WARN_64_TO_32_BIT_CONVERSION = YES;
				GCC_WARN_ABOUT_RETURN_TYPE = YES_ERROR;
				GCC_WARN_UNDECLARED_SELECTOR = YES;
				GCC_WARN_UNINITIALIZED_AUTOS = YES_AGGRESSIVE;
				GCC_WARN_UNUSED_FUNCTION = YES;
				GCC_WARN_UNUSED_VARIABLE = YES;
				IPHONEOS_DEPLOYMENT_TARGET = 16.0;
				MTL_ENABLE_DEBUG_INFO = NO;
				MTL_FAST_MATH = YES;
				SDKROOT = iphoneos;
				SWIFT_COMPILATION_MODE = wholemodule;
				SWIFT_OPTIMIZATION_LEVEL = "-O";
				VALIDATE_PRODUCT = YES;
			};
			name = Release;
		};
		B457904D2902DECC00C2C080 /* Debug */ = {
			isa = XCBuildConfiguration;
			baseConfigurationReference = 01BC22602C007A324A6B8921 /* Pods-InstagramClone.debug.xcconfig */;
			buildSettings = {
				ASSETCATALOG_COMPILER_APPICON_NAME = AppIcon;
				ASSETCATALOG_COMPILER_GLOBAL_ACCENT_COLOR_NAME = AccentColor;
				CODE_SIGN_STYLE = Automatic;
				CURRENT_PROJECT_VERSION = 1;
				DEVELOPMENT_TEAM = TZ3VZ8CUCV;
				GENERATE_INFOPLIST_FILE = YES;
				INFOPLIST_FILE = InstagramClone/Info.plist;
				INFOPLIST_KEY_UIApplicationSupportsIndirectInputEvents = YES;
				INFOPLIST_KEY_UILaunchStoryboardName = LaunchScreen;
				INFOPLIST_KEY_UIMainStoryboardFile = Main;
				INFOPLIST_KEY_UISupportedInterfaceOrientations_iPad = "UIInterfaceOrientationPortrait UIInterfaceOrientationPortraitUpsideDown UIInterfaceOrientationLandscapeLeft UIInterfaceOrientationLandscapeRight";
				INFOPLIST_KEY_UISupportedInterfaceOrientations_iPhone = "UIInterfaceOrientationPortrait UIInterfaceOrientationLandscapeLeft UIInterfaceOrientationLandscapeRight";
				LD_RUNPATH_SEARCH_PATHS = (
					"$(inherited)",
					"@executable_path/Frameworks",
				);
				MARKETING_VERSION = 1.0;
				PRODUCT_BUNDLE_IDENTIFIER = co.masonKim.InstagramClone;
				PRODUCT_NAME = "$(TARGET_NAME)";
				SWIFT_EMIT_LOC_STRINGS = YES;
				SWIFT_VERSION = 5.0;
				TARGETED_DEVICE_FAMILY = "1,2";
			};
			name = Debug;
		};
		B457904E2902DECC00C2C080 /* Release */ = {
			isa = XCBuildConfiguration;
			baseConfigurationReference = 36B0927C80559D97D1F854DE /* Pods-InstagramClone.release.xcconfig */;
			buildSettings = {
				ASSETCATALOG_COMPILER_APPICON_NAME = AppIcon;
				ASSETCATALOG_COMPILER_GLOBAL_ACCENT_COLOR_NAME = AccentColor;
				CODE_SIGN_STYLE = Automatic;
				CURRENT_PROJECT_VERSION = 1;
				DEVELOPMENT_TEAM = TZ3VZ8CUCV;
				GENERATE_INFOPLIST_FILE = YES;
				INFOPLIST_FILE = InstagramClone/Info.plist;
				INFOPLIST_KEY_UIApplicationSupportsIndirectInputEvents = YES;
				INFOPLIST_KEY_UILaunchStoryboardName = LaunchScreen;
				INFOPLIST_KEY_UIMainStoryboardFile = Main;
				INFOPLIST_KEY_UISupportedInterfaceOrientations_iPad = "UIInterfaceOrientationPortrait UIInterfaceOrientationPortraitUpsideDown UIInterfaceOrientationLandscapeLeft UIInterfaceOrientationLandscapeRight";
				INFOPLIST_KEY_UISupportedInterfaceOrientations_iPhone = "UIInterfaceOrientationPortrait UIInterfaceOrientationLandscapeLeft UIInterfaceOrientationLandscapeRight";
				LD_RUNPATH_SEARCH_PATHS = (
					"$(inherited)",
					"@executable_path/Frameworks",
				);
				MARKETING_VERSION = 1.0;
				PRODUCT_BUNDLE_IDENTIFIER = co.masonKim.InstagramClone;
				PRODUCT_NAME = "$(TARGET_NAME)";
				SWIFT_EMIT_LOC_STRINGS = YES;
				SWIFT_VERSION = 5.0;
				TARGETED_DEVICE_FAMILY = "1,2";
			};
			name = Release;
		};
/* End XCBuildConfiguration section */

/* Begin XCConfigurationList section */
		B45790332902DECB00C2C080 /* Build configuration list for PBXProject "InstagramClone" */ = {
			isa = XCConfigurationList;
			buildConfigurations = (
				B457904A2902DECC00C2C080 /* Debug */,
				B457904B2902DECC00C2C080 /* Release */,
			);
			defaultConfigurationIsVisible = 0;
			defaultConfigurationName = Release;
		};
		B457904C2902DECC00C2C080 /* Build configuration list for PBXNativeTarget "InstagramClone" */ = {
			isa = XCConfigurationList;
			buildConfigurations = (
				B457904D2902DECC00C2C080 /* Debug */,
				B457904E2902DECC00C2C080 /* Release */,
			);
			defaultConfigurationIsVisible = 0;
			defaultConfigurationName = Release;
		};
/* End XCConfigurationList section */
	};
	rootObject = B45790302902DECB00C2C080 /* Project object */;
}
